{
  "lockfile-version": 1,
  "manifest": {
    "schema-version": "1.10.0",
    "install": {
      "bat": {
        "pkg-path": "bat"
      },
      "canopy-cli": {
        "flake": "github:RogerNavelsaker/nixpkg-canopy",
        "outputs": [
          "out",
          "cn"
        ]
      },
      "direnv": {
        "pkg-path": "direnv"
      },
      "eza": {
        "pkg-path": "eza"
      },
      "fd": {
        "pkg-path": "fd"
      },
      "gh": {
        "pkg-path": "gh"
      },
      "git": {
        "pkg-path": "git"
      },
      "jq": {
        "pkg-path": "jq"
      },
      "mulch-cli": {
        "flake": "github:RogerNavelsaker/nixpkg-mulch",
        "outputs": [
          "out",
          "ml"
        ]
      },
      "nixpkg-context-mode-mcp": {
        "flake": "github:RogerNavelsaker/nixpkg-context-mode-mcp"
      },
      "overstory-cli": {
        "flake": "github:RogerNavelsaker/nixpkg-overstory",
        "outputs": [
          "out",
          "ov"
        ]
      },
      "pi-coding-agent": {
        "flake": "github:RogerNavelsaker/nixpkg-pi-coding-agent",
        "outputs": [
          "out",
          "pi"
        ]
      },
      "ripgrep": {
        "pkg-path": "ripgrep"
      },
      "seeds-cli": {
        "flake": "github:RogerNavelsaker/nixpkg-seeds",
        "outputs": [
          "out",
          "sd"
        ]
      }
    },
    "vars": {
      "WORKSPACE_META": "agent-clis",
      "WORKSPACE_OWNER": "RogerNavelsaker"
    },
    "hook": {
      "on-activate": "  export META_REPO_ROOT=\"$FLOX_ENV_PROJECT\"\n  export SHARED_WORKSPACE_ROOT=\"$FLOX_ENV_PROJECT\"\n"
    },
    "profile": {
      "common": "  alias workspace-bootstrap=\"$META_REPO_ROOT/scripts/bootstrap\"\n  alias workspace-status=\"$META_REPO_ROOT/scripts/status\"\n  alias gmi='pi-coding-agent --provider google --model gemini-3.1-pro-preview'\n  alias cc='pi-coding-agent --provider anthropic --model claude-opus-4-6'\n  alias cod='pi-coding-agent --provider openai-codex --model gpt-5.4'\n  alias mm='pi-coding-agent --provider llmstudio --model minimax-m2.5'\n  alias qc='pi-coding-agent --provider lmstudio --model qwen3.5-122b-a10b'\n"
    },
    "options": {
      "systems": [
        "x86_64-linux"
      ]
    }
  },
  "packages": [
    {
      "attr_path": "bat",
      "broken": false,
      "derivation": "/nix/store/n8vbndgcm30iy5x1bapgi89xn0vbwsd4-bat-0.26.1.drv",
      "description": "Cat(1) clone with syntax highlighting and Git integration",
      "install_id": "bat",
      "license": "[ Apache-2.0, MIT ]",
      "locked_url": "https://github.com/flox/nixpkgs?rev=68d8aa3d661f0e6bd5862291b5bb263b2a6595c9",
      "name": "bat-0.26.1",
      "pname": "bat",
      "rev": "68d8aa3d661f0e6bd5862291b5bb263b2a6595c9",
      "rev_count": 975402,
      "rev_date": "2026-04-05T21:03:29Z",
      "scrape_date": "2026-04-07T07:39:05.907325Z",
      "stabilities": [
        "unstable"
      ],
      "unfree": false,
      "version": "0.26.1",
      "outputs_to_install": [
        "out"
      ],
      "outputs": {
        "out": "/nix/store/1n63v53bzw0j9qkivrqcmgx53kng3l7z-bat-0.26.1"
      },
      "system": "x86_64-linux",
      "group": "toplevel",
      "priority": 5
    },
    {
      "attr_path": "direnv",
      "broken": false,
      "derivation": "/nix/store/w0yz39pwk3ibkbn18v92d0qfhk88l67k-direnv-2.37.1.drv",
      "description": "Shell extension that manages your environment",
      "install_id": "direnv",
      "license": "MIT",
      "locked_url": "https://github.com/flox/nixpkgs?rev=68d8aa3d661f0e6bd5862291b5bb263b2a6595c9",
      "name": "direnv-2.37.1",
      "pname": "direnv",
      "rev": "68d8aa3d661f0e6bd5862291b5bb263b2a6595c9",
      "rev_count": 975402,
      "rev_date": "2026-04-05T21:03:29Z",
      "scrape_date": "2026-04-07T07:39:06.789192Z",
      "stabilities": [
        "unstable"
      ],
      "unfree": false,
      "version": "2.37.1",
      "outputs_to_install": [
        "out"
      ],
      "outputs": {
        "out": "/nix/store/0k10ldsna7n046589r067579z9j5651k-direnv-2.37.1"
      },
      "system": "x86_64-linux",
      "group": "toplevel",
      "priority": 5
    },
    {
      "attr_path": "eza",
      "broken": false,
      "derivation": "/nix/store/x1hksfiklhlbdcsfskgw0c9f0chd7sk1-eza-0.23.4.drv",
      "description": "Modern, maintained replacement for ls",
      "install_id": "eza",
      "license": "EUPL-1.2",
      "locked_url": "https://github.com/flox/nixpkgs?rev=68d8aa3d661f0e6bd5862291b5bb263b2a6595c9",
      "name": "eza-0.23.4",
      "pname": "eza",
      "rev": "68d8aa3d661f0e6bd5862291b5bb263b2a6595c9",
      "rev_count": 975402,
      "rev_date": "2026-04-05T21:03:29Z",
      "scrape_date": "2026-04-07T07:39:07.232055Z",
      "stabilities": [
        "unstable"
      ],
      "unfree": false,
      "version": "0.23.4",
      "outputs_to_install": [
        "man",
        "out"
      ],
      "outputs": {
        "man": "/nix/store/5cdlcrimks2zyzr7j7xd9z71b0kkyfgp-eza-0.23.4-man",
        "out": "/nix/store/35g195wn2ianjb70299dqvspck892h4n-eza-0.23.4"
      },
      "system": "x86_64-linux",
      "group": "toplevel",
      "priority": 5
    },
    {
      "attr_path": "fd",
      "broken": false,
      "derivation": "/nix/store/lypdzkgjydr811ilc9bsnp81kmav11xn-fd-10.4.2.drv",
      "description": "Simple, fast and user-friendly alternative to find",
      "install_id": "fd",
      "license": "[ Apache-2.0, MIT ]",
      "locked_url": "https://github.com/flox/nixpkgs?rev=68d8aa3d661f0e6bd5862291b5bb263b2a6595c9",
      "name": "fd-10.4.2",
      "pname": "fd",
      "rev": "68d8aa3d661f0e6bd5862291b5bb263b2a6595c9",
      "rev_count": 975402,
      "rev_date": "2026-04-05T21:03:29Z",
      "scrape_date": "2026-04-07T07:39:07.312371Z",
      "stabilities": [
        "unstable"
      ],
      "unfree": false,
      "version": "10.4.2",
      "outputs_to_install": [
        "out"
      ],
      "outputs": {
        "out": "/nix/store/836lndidk1144z81npf27c7dcgmczid3-fd-10.4.2"
      },
      "system": "x86_64-linux",
      "group": "toplevel",
      "priority": 5
    },
    {
      "attr_path": "gh",
      "broken": false,
      "derivation": "/nix/store/14zbgfjimkaxsz8ipb4dz46ip1jmhqwh-gh-2.89.0.drv",
      "description": "GitHub CLI tool",
      "install_id": "gh",
      "license": "MIT",
      "locked_url": "https://github.com/flox/nixpkgs?rev=68d8aa3d661f0e6bd5862291b5bb263b2a6595c9",
      "name": "gh-2.89.0",
      "pname": "gh",
      "rev": "68d8aa3d661f0e6bd5862291b5bb263b2a6595c9",
      "rev_count": 975402,
      "rev_date": "2026-04-05T21:03:29Z",
      "scrape_date": "2026-04-07T07:39:07.769837Z",
      "stabilities": [
        "unstable"
      ],
      "unfree": false,
      "version": "2.89.0",
      "outputs_to_install": [
        "out"
      ],
      "outputs": {
        "out": "/nix/store/1131yfwz32j7ad860qy9ksvbiid2hv0k-gh-2.89.0"
      },
      "system": "x86_64-linux",
      "group": "toplevel",
      "priority": 5
    },
    {
      "attr_path": "git",
      "broken": false,
      "derivation": "/nix/store/j0h35cv7avh30rlzsy4a17a77mgdz9a0-git-2.53.0.drv",
      "description": "Distributed version control system",
      "install_id": "git",
      "license": "GPL-2.0",
      "locked_url": "https://github.com/flox/nixpkgs?rev=68d8aa3d661f0e6bd5862291b5bb263b2a6595c9",
      "name": "git-2.53.0",
      "pname": "git",
      "rev": "68d8aa3d661f0e6bd5862291b5bb263b2a6595c9",
      "rev_count": 975402,
      "rev_date": "2026-04-05T21:03:29Z",
      "scrape_date": "2026-04-07T07:39:07.823346Z",
      "stabilities": [
        "unstable"
      ],
      "unfree": false,
      "version": "2.53.0",
      "outputs_to_install": [
        "out",
        "out"
      ],
      "outputs": {
        "debug": "/nix/store/9xs1n97fsdbgnk8cxbdx3hqlz6fdaynb-git-2.53.0-debug",
        "doc": "/nix/store/rv7cz5lz1qmbdnh3zrpv0j0wa5ivaacq-git-2.53.0-doc",
        "out": "/nix/store/7yvcckar1lzhqnr0xx2n19nsdjd4qa4d-git-2.53.0"
      },
      "system": "x86_64-linux",
      "group": "toplevel",
      "priority": 5
    },
    {
      "attr_path": "jq",
      "broken": false,
      "derivation": "/nix/store/0vb08cn5pf24mzjbibpc7n37g62lacfj-jq-1.8.1.drv",
      "description": "Lightweight and flexible command-line JSON processor",
      "install_id": "jq",
      "license": "MIT",
      "locked_url": "https://github.com/flox/nixpkgs?rev=68d8aa3d661f0e6bd5862291b5bb263b2a6595c9",
      "name": "jq-1.8.1",
      "pname": "jq",
      "rev": "68d8aa3d661f0e6bd5862291b5bb263b2a6595c9",
      "rev_count": 975402,
      "rev_date": "2026-04-05T21:03:29Z",
      "scrape_date": "2026-04-07T07:39:28.772917Z",
      "stabilities": [
        "unstable"
      ],
      "unfree": false,
      "version": "1.8.1",
      "outputs_to_install": [
        "bin",
        "bin",
        "bin",
        "man"
      ],
      "outputs": {
        "bin": "/nix/store/fc13hvlj7541i1xmwdka7f61qicdzr5a-jq-1.8.1-bin",
        "dev": "/nix/store/plinh1rzkh83n4gfpkxl748zgaydpxll-jq-1.8.1-dev",
        "doc": "/nix/store/ihgrvb9w91mwbhxx3fi3gcwwx3qlsdfv-jq-1.8.1-doc",
        "man": "/nix/store/crwv17pim6csnfr4jmsd7kf60sp3c5dh-jq-1.8.1-man",
        "out": "/nix/store/s4w1j16dj8wyriv1ljfypr9s1r39yjwp-jq-1.8.1"
      },
      "system": "x86_64-linux",
      "group": "toplevel",
      "priority": 5
    },
    {
      "attr_path": "ripgrep",
      "broken": false,
      "derivation": "/nix/store/ldzagk68ydyr008s8bwav3yyzzd4vjax-ripgrep-15.1.0.drv",
      "description": "Utility that combines the usability of The Silver Searcher with the raw speed of grep",
      "install_id": "ripgrep",
      "license": "[ Unlicense, MIT ]",
      "locked_url": "https://github.com/flox/nixpkgs?rev=68d8aa3d661f0e6bd5862291b5bb263b2a6595c9",
      "name": "ripgrep-15.1.0",
      "pname": "ripgrep",
      "rev": "68d8aa3d661f0e6bd5862291b5bb263b2a6595c9",
      "rev_count": 975402,
      "rev_date": "2026-04-05T21:03:29Z",
      "scrape_date": "2026-04-07T07:41:10.221868Z",
      "stabilities": [
        "unstable"
      ],
      "unfree": false,
      "version": "15.1.0",
      "outputs_to_install": [
        "out",
        "out"
      ],
      "outputs": {
        "out": "/nix/store/922crn2k3v8yaqk7anps80hba919lnds-ripgrep-15.1.0"
      },
      "system": "x86_64-linux",
      "group": "toplevel",
      "priority": 5
    },
    {
      "install_id": "canopy-cli",
      "locked-url": "github:RogerNavelsaker/nixpkg-canopy/6db8f7bc32f5d1380a713b00d0207213f6713f48?narHash=sha256-jdxF/R8TAtSu6bu7EmY%2BAiORf30qtHnJkg0%2BBoZVagw%3D",
      "flake-description": "Nix packaging scaffold for @os-eco/canopy-cli",
      "locked-flake-attr-path": "packages.x86_64-linux.default",
      "derivation": "/nix/store/r057k4qq7v5955biiw68b646bq84v7q9-canopy-0.2.3-r1.drv",
      "outputs": {
        "cn": "/nix/store/mh7qjbcwz8agydfddkvkd201bk1k0zz1-canopy-0.2.3-r1-cn",
        "out": "/nix/store/k0ksj4dmyd9l4aj05kc23957bbf06097-canopy-0.2.3-r1"
      },
      "output-names": [
        "out",
        "cn"
      ],
      "outputs-to-install": [
        "out"
      ],
      "requested-outputs-to-install": [],
      "package-system": "x86_64-linux",
      "system": "x86_64-linux",
      "name": "canopy-0.2.3-r1",
      "pname": "canopy",
      "version": "0.2.3-r1",
      "broken": false,
      "unfree": false,
      "priority": 5
    },
    {
      "install_id": "mulch-cli",
      "locked-url": "github:RogerNavelsaker/nixpkg-mulch/49dc9a8ac6441ead3285ea844d9750f96c114a30?narHash=sha256-%2BrKZokE7f5V4ePjx/CQ1yKs6mckB1%2BUtTirKD9Asf94%3D",
      "flake-description": "Nix packaging scaffold for @os-eco/mulch-cli",
      "locked-flake-attr-path": "packages.x86_64-linux.default",
      "derivation": "/nix/store/7d7m2ylfjdf73gp7304nm4f1ccrjciri-mulch-0.6.3-r1.drv",
      "outputs": {
        "ml": "/nix/store/2crg2d25c1w696snmfgvh33mr7bqqwmc-mulch-0.6.3-r1-ml",
        "out": "/nix/store/w9ip3iwg1xaqxmqns4ns8vdrllx2inc0-mulch-0.6.3-r1"
      },
      "output-names": [
        "out",
        "ml"
      ],
      "outputs-to-install": [
        "out"
      ],
      "requested-outputs-to-install": [],
      "package-system": "x86_64-linux",
      "system": "x86_64-linux",
      "name": "mulch-0.6.3-r1",
      "pname": "mulch",
      "version": "0.6.3-r1",
      "broken": false,
      "unfree": false,
      "priority": 5
    },
    {
      "install_id": "nixpkg-context-mode-mcp",
      "locked-url": "github:RogerNavelsaker/nixpkg-context-mode-mcp/c3b7d457a67b24389d7a4d0f5c984a7be856fce6?narHash=sha256-Mw/70Anw4dCcLKIe%2B6hmZOxdFq6TQuhvvpMW5B4Y3z0%3D",
      "flake-description": "Thin Nix packaging repo for the Context Mode MCP server",
      "locked-flake-attr-path": "packages.x86_64-linux.default",
      "derivation": "/nix/store/sn93wcl91w1wfv1d7s1f64m3q2ri62jm-context-mode-mcp-1.0.51-r1.drv",
      "outputs": {
        "out": "/nix/store/9wq6lddavsb53v2m5lsa2z8wwmhy50ay-context-mode-mcp-1.0.51-r1"
      },
      "output-names": [
        "out"
      ],
      "outputs-to-install": [
        "out"
      ],
      "requested-outputs-to-install": [],
      "package-system": "x86_64-linux",
      "system": "x86_64-linux",
      "name": "context-mode-mcp-1.0.51-r1",
      "pname": "context-mode-mcp",
      "version": "1.0.51-r1",
      "description": "Thin Nix package for the Context Mode MCP server",
      "licenses": [
        "Elastic-2.0"
      ],
      "broken": false,
      "unfree": true,
      "priority": 5
    },
    {
      "install_id": "overstory-cli",
      "locked-url": "github:RogerNavelsaker/nixpkg-overstory/c094c0796281012c30470fc1de456cb4a4122bb7?narHash=sha256-PmY2hBjSpjwawBhZIO/Hxcbv9eBCaC38cUKs7ID3mEg%3D",
      "flake-description": "Nix packaging scaffold for @os-eco/overstory-cli",
      "locked-flake-attr-path": "packages.x86_64-linux.default",
      "derivation": "/nix/store/sv7sr8mvg7x71wk3b354k5lkff2yd8qh-overstory-0.9.3-r4.drv",
      "outputs": {
        "out": "/nix/store/rabzdjdavvic3dgyrq72d8mnayisr7w7-overstory-0.9.3-r4",
        "ov": "/nix/store/anffw25hbkwqa0qgvr04pr10bzq249cs-overstory-0.9.3-r4-ov"
      },
      "output-names": [
        "out",
        "ov"
      ],
      "outputs-to-install": [
        "out"
      ],
      "requested-outputs-to-install": [],
      "package-system": "x86_64-linux",
      "system": "x86_64-linux",
      "name": "overstory-0.9.3-r4",
      "pname": "overstory",
      "version": "0.9.3-r4",
      "broken": false,
      "unfree": false,
      "priority": 5
    },
    {
      "install_id": "pi-coding-agent",
      "locked-url": "github:RogerNavelsaker/nixpkg-pi-coding-agent/572e362376dee12dc007466dd9e8f520e7876240?narHash=sha256-Y/ySRjQXtZng7dLbDVysftSOl6L623ZByWpqr1NqCNc%3D",
      "flake-description": "Nix packaging scaffold for @mariozechner/pi-coding-agent",
      "locked-flake-attr-path": "packages.x86_64-linux.default",
      "derivation": "/nix/store/25hdy0bvj69ki0612rvdrspwji959ah9-pi-coding-agent-0.66.1-r4.drv",
      "outputs": {
        "cc": "/nix/store/s0gcwvan5wyyxian5aimadp3xzncq8la-pi-coding-agent-0.66.1-r4-cc",
        "cod": "/nix/store/17f31iswm30rjr756nf6x2g2a7f7ll22-pi-coding-agent-0.66.1-r4-cod",
        "gmi": "/nix/store/g86mixl4r5024yzsazfarz9zbjmc53l7-pi-coding-agent-0.66.1-r4-gmi",
        "out": "/nix/store/1dklcrmm3hk72i7xgqq28nf5kqv8k18n-pi-coding-agent-0.66.1-r4",
        "pi": "/nix/store/18v0b2y0ywgl45glldnk1cc1zmd4gc8n-pi-coding-agent-0.66.1-r4-pi"
      },
      "output-names": [
        "out",
        "pi",
        "gmi",
        "cc",
        "cod"
      ],
      "outputs-to-install": [
        "out"
      ],
      "requested-outputs-to-install": [],
      "package-system": "x86_64-linux",
      "system": "x86_64-linux",
      "name": "pi-coding-agent-0.66.1-r4",
      "pname": "pi-coding-agent",
      "version": "0.66.1-r4",
      "broken": false,
      "unfree": false,
      "priority": 4
    },
    {
      "install_id": "seeds-cli",
      "locked-url": "github:RogerNavelsaker/nixpkg-seeds/4178fc20b97a5aecd55f8b4c0dcc9820a1030557?narHash=sha256-A%2BqlScfKJo6rEu21GjjCZ8HbS102rpYyW%2BNPzp0jNnk%3D",
      "flake-description": "Nix packaging scaffold for @os-eco/seeds-cli",
      "locked-flake-attr-path": "packages.x86_64-linux.default",
      "derivation": "/nix/store/00skvnnil5w1i807psdxdva4hmdkzw4z-seeds-0.2.5-r3.drv",
      "outputs": {
        "out": "/nix/store/3pbsmpp2c8cdy29h0f9dxjspp0ph8lps-seeds-0.2.5-r3",
        "sd": "/nix/store/6kjyamhjxwg0biqd7cwn2rmnq8sf6kl4-seeds-0.2.5-r3-sd"
      },
      "output-names": [
        "out",
        "sd"
      ],
      "outputs-to-install": [
        "out"
      ],
      "requested-outputs-to-install": [],
      "package-system": "x86_64-linux",
      "system": "x86_64-linux",
      "name": "seeds-0.2.5-r3",
      "pname": "seeds",
      "version": "0.2.5-r3",
      "broken": false,
      "unfree": false,
      "priority": 5
    }
  ]
}
